# This file is automatically @generated by Cargo.
# It is not intended for manual editing.
version = 3

[[package]]
name = "bitvec"
version = "0.1.0"
source = "git+https://github.com/ZekeWK/bitvec#accbbb7157ea0c8375a8786aa0d49a8feae28281"

[[package]]
name = "competition_io"
version = "0.1.0"
source = "git+https://github.com/ZekeWK/CompetitionIO/#bdbfec0da3b8bb55c3cb33a3655346c8243cad16"

[[package]]
name = "dsu"
version = "0.1.0"
source = "git+https://github.com/ZekeWK/DSU#5de67bf5c43adceb38d111866915476c274a7703"

[[package]]
name = "s1"
version = "0.1.0"
dependencies = [
 "bitvec",
 "competition_io",
 "dsu",
]
